
Microsoft Visual Studio Solution File, Format Version 12.00
# Visual Studio 14
VisualStudioVersion = 14.0.25420.1
MinimumVisualStudioVersion = 10.0.40219.1
Project("{FAE04EC0-301F-11D3-BF4B-00C04F79EFBC}") = "PDFTools", "PDFTools\PDFTools.csproj", "{C3D74368-16A8-4C90-AB0A-DB04E32498D4}"
EndProject
Project("{FAE04EC0-301F-11D3-BF4B-00C04F79EFBC}") = "TestTools", "TestTools\TestTools.csproj", "{71E47765-B1C2-44C1-AB93-7314B9D9D20D}"
EndProject
Project("{FAE04EC0-301F-11D3-BF4B-00C04F79EFBC}") = "UtilityCode", "UtilityCode\UtilityCode.csproj", "{05B348D9-E292-4AEA-BDE4-56DDDA725599}"
EndProject
Project("{FAE04EC0-301F-11D3-BF4B-00C04F79EFBC}") = "GenerateTools", "GenerateTools\GenerateTools.csproj", "{866A87E6-40A4-4F2A-946B-3C8CE2203C26}"
EndProject
Project("{FAE04EC0-301F-11D3-BF4B-00C04F79EFBC}") = "Excel2Pdf", "Excel2Pdf\Excel2Pdf.csproj", "{802B38F8-FBE0-4C7F-BD10-05B226A2C943}"
EndProject
Project("{FAE04EC0-301F-11D3-BF4B-00C04F79EFBC}") = "Spring.Model", "Spring.Model\Spring.Model.csproj", "{195C497A-DA7C-41B6-82DD-AAB3875A4068}"
EndProject
Project("{FAE04EC0-301F-11D3-BF4B-00C04F79EFBC}") = "PDFCombineTools", "PDFCombineTools\PDFCombineTools.csproj", "{2DD5BA6A-7CDE-4BEB-B994-4EAF40550587}"
EndProject
Project("{FAE04EC0-301F-11D3-BF4B-00C04F79EFBC}") = "AuthorizationTool", "AuthorizationTool\AuthorizationTool.csproj", "{92C9C308-654D-4464-BDE1-B9874850591D}"
EndProject
Project("{FAE04EC0-301F-11D3-BF4B-00C04F79EFBC}") = "AutomaticValidationTool", "AutomaticValidationTool\AutomaticValidationTool.csproj", "{FAE10B9C-B66E-4A0B-86B9-17A9E469C929}"
EndProject
Project("{FAE04EC0-301F-11D3-BF4B-00C04F79EFBC}") = "ChangePic", "ChangePic\ChangePic.csproj", "{102FD977-91FD-4261-B6C9-90C69FE61FE4}"
EndProject
Global
	GlobalSection(SolutionConfigurationPlatforms) = preSolution
		Debug|Any CPU = Debug|Any CPU
		Release|Any CPU = Release|Any CPU
	EndGlobalSection
	GlobalSection(ProjectConfigurationPlatforms) = postSolution
		{C3D74368-16A8-4C90-AB0A-DB04E32498D4}.Debug|Any CPU.ActiveCfg = Debug|Any CPU
		{C3D74368-16A8-4C90-AB0A-DB04E32498D4}.Debug|Any CPU.Build.0 = Debug|Any CPU
		{C3D74368-16A8-4C90-AB0A-DB04E32498D4}.Release|Any CPU.ActiveCfg = Release|Any CPU
		{C3D74368-16A8-4C90-AB0A-DB04E32498D4}.Release|Any CPU.Build.0 = Release|Any CPU
		{71E47765-B1C2-44C1-AB93-7314B9D9D20D}.Debug|Any CPU.ActiveCfg = Debug|Any CPU
		{71E47765-B1C2-44C1-AB93-7314B9D9D20D}.Debug|Any CPU.Build.0 = Debug|Any CPU
		{71E47765-B1C2-44C1-AB93-7314B9D9D20D}.Release|Any CPU.ActiveCfg = Release|Any CPU
		{71E47765-B1C2-44C1-AB93-7314B9D9D20D}.Release|Any CPU.Build.0 = Release|Any CPU
		{05B348D9-E292-4AEA-BDE4-56DDDA725599}.Debug|Any CPU.ActiveCfg = Debug|Any CPU
		{05B348D9-E292-4AEA-BDE4-56DDDA725599}.Debug|Any CPU.Build.0 = Debug|Any CPU
		{05B348D9-E292-4AEA-BDE4-56DDDA725599}.Release|Any CPU.ActiveCfg = Release|Any CPU
		{05B348D9-E292-4AEA-BDE4-56DDDA725599}.Release|Any CPU.Build.0 = Release|Any CPU
		{866A87E6-40A4-4F2A-946B-3C8CE2203C26}.Debug|Any CPU.ActiveCfg = Debug|Any CPU
		{866A87E6-40A4-4F2A-946B-3C8CE2203C26}.Debug|Any CPU.Build.0 = Debug|Any CPU
		{866A87E6-40A4-4F2A-946B-3C8CE2203C26}.Release|Any CPU.ActiveCfg = Release|Any CPU
		{866A87E6-40A4-4F2A-946B-3C8CE2203C26}.Release|Any CPU.Build.0 = Release|Any CPU
		{802B38F8-FBE0-4C7F-BD10-05B226A2C943}.Debug|Any CPU.ActiveCfg = Debug|Any CPU
		{802B38F8-FBE0-4C7F-BD10-05B226A2C943}.Debug|Any CPU.Build.0 = Debug|Any CPU
		{802B38F8-FBE0-4C7F-BD10-05B226A2C943}.Release|Any CPU.ActiveCfg = Release|Any CPU
		{802B38F8-FBE0-4C7F-BD10-05B226A2C943}.Release|Any CPU.Build.0 = Release|Any CPU
		{195C497A-DA7C-41B6-82DD-AAB3875A4068}.Debug|Any CPU.ActiveCfg = Debug|Any CPU
		{195C497A-DA7C-41B6-82DD-AAB3875A4068}.Debug|Any CPU.Build.0 = Debug|Any CPU
		{195C497A-DA7C-41B6-82DD-AAB3875A4068}.Release|Any CPU.ActiveCfg = Release|Any CPU
		{195C497A-DA7C-41B6-82DD-AAB3875A4068}.Release|Any CPU.Build.0 = Release|Any CPU
		{2DD5BA6A-7CDE-4BEB-B994-4EAF40550587}.Debug|Any CPU.ActiveCfg = Debug|Any CPU
		{2DD5BA6A-7CDE-4BEB-B994-4EAF40550587}.Debug|Any CPU.Build.0 = Debug|Any CPU
		{2DD5BA6A-7CDE-4BEB-B994-4EAF40550587}.Release|Any CPU.ActiveCfg = Release|Any CPU
		{2DD5BA6A-7CDE-4BEB-B994-4EAF40550587}.Release|Any CPU.Build.0 = Release|Any CPU
		{92C9C308-654D-4464-BDE1-B9874850591D}.Debug|Any CPU.ActiveCfg = Debug|Any CPU
		{92C9C308-654D-4464-BDE1-B9874850591D}.Debug|Any CPU.Build.0 = Debug|Any CPU
		{92C9C308-654D-4464-BDE1-B9874850591D}.Release|Any CPU.ActiveCfg = Release|Any CPU
		{92C9C308-654D-4464-BDE1-B9874850591D}.Release|Any CPU.Build.0 = Release|Any CPU
		{FAE10B9C-B66E-4A0B-86B9-17A9E469C929}.Debug|Any CPU.ActiveCfg = Debug|Any CPU
		{FAE10B9C-B66E-4A0B-86B9-17A9E469C929}.Debug|Any CPU.Build.0 = Debug|Any CPU
		{FAE10B9C-B66E-4A0B-86B9-17A9E469C929}.Release|Any CPU.ActiveCfg = Release|Any CPU
		{FAE10B9C-B66E-4A0B-86B9-17A9E469C929}.Release|Any CPU.Build.0 = Release|Any CPU
		{102FD977-91FD-4261-B6C9-90C69FE61FE4}.Debug|Any CPU.ActiveCfg = Debug|Any CPU
		{102FD977-91FD-4261-B6C9-90C69FE61FE4}.Debug|Any CPU.Build.0 = Debug|Any CPU
		{102FD977-91FD-4261-B6C9-90C69FE61FE4}.Release|Any CPU.ActiveCfg = Release|Any CPU
		{102FD977-91FD-4261-B6C9-90C69FE61FE4}.Release|Any CPU.Build.0 = Release|Any CPU
	EndGlobalSection
	GlobalSection(SolutionProperties) = preSolution
		HideSolutionNode = FALSE
	EndGlobalSection
EndGlobal
